// !$*UTF8*$!
{
	archiveVersion = 1;
	classes = {
	};
	objectVersion = 50;
	objects = {

/* Begin PBXBuildFile section */
		4F103CF524263DB300429074 /* AppDelegate.swift in Sources */ = {isa = PBXBuildFile; fileRef = 4F103CF424263DB300429074 /* AppDelegate.swift */; };
		4F103CF724263DB300429074 /* SceneDelegate.swift in Sources */ = {isa = PBXBuildFile; fileRef = 4F103CF624263DB300429074 /* SceneDelegate.swift */; };
		4F103CF924263DB300429074 /* ContentView.swift in Sources */ = {isa = PBXBuildFile; fileRef = 4F103CF824263DB300429074 /* ContentView.swift */; };
		4F103CFB24263DB400429074 /* Assets.xcassets in Resources */ = {isa = PBXBuildFile; fileRef = 4F103CFA24263DB400429074 /* Assets.xcassets */; };
		4F103CFE24263DB400429074 /* Preview Assets.xcassets in Resources */ = {isa = PBXBuildFile; fileRef = 4F103CFD24263DB400429074 /* Preview Assets.xcassets */; };
		4F103D0124263DB400429074 /* LaunchScreen.storyboard in Resources */ = {isa = PBXBuildFile; fileRef = 4F103CFF24263DB400429074 /* LaunchScreen.storyboard */; };
		4F103D0C24263DB400429074 /* PromisePriorityChainTests.swift in Sources */ = {isa = PBXBuildFile; fileRef = 4F103D0B24263DB400429074 /* PromisePriorityChainTests.swift */; };
		4F103D1824263FB900429074 /* PriorityElement.swift in Sources */ = {isa = PBXBuildFile; fileRef = 4F103D1724263FB900429074 /* PriorityElement.swift */; };
		4F103D1924263FB900429074 /* PriorityElement.swift in Sources */ = {isa = PBXBuildFile; fileRef = 4F103D1724263FB900429074 /* PriorityElement.swift */; };
		4F103D1B2426418800429074 /* PriorityPromise.swift in Sources */ = {isa = PBXBuildFile; fileRef = 4F103D1A2426418800429074 /* PriorityPromise.swift */; };
		4F103D1C2426418800429074 /* PriorityPromise.swift in Sources */ = {isa = PBXBuildFile; fileRef = 4F103D1A2426418800429074 /* PriorityPromise.swift */; };
		4F103D1E2426482000429074 /* PPCError.swift in Sources */ = {isa = PBXBuildFile; fileRef = 4F103D1D2426482000429074 /* PPCError.swift */; };
		4F103D1F2426482000429074 /* PPCError.swift in Sources */ = {isa = PBXBuildFile; fileRef = 4F103D1D2426482000429074 /* PPCError.swift */; };
		4F103D2224279C9500429074 /* PromisePriorityTest.swift in Sources */ = {isa = PBXBuildFile; fileRef = 4F103D2124279C9500429074 /* PromisePriorityTest.swift */; };
		4F103D2324279C9500429074 /* PromisePriorityTest.swift in Sources */ = {isa = PBXBuildFile; fileRef = 4F103D2124279C9500429074 /* PromisePriorityTest.swift */; };
/* End PBXBuildFile section */

/* Begin PBXContainerItemProxy section */
		4F103D0824263DB400429074 /* PBXContainerItemProxy */ = {
			isa = PBXContainerItemProxy;
			containerPortal = 4F103CE924263DB300429074 /* Project object */;
			proxyType = 1;
			remoteGlobalIDString = 4F103CF024263DB300429074;
			remoteInfo = PromisePriorityChain;
		};
/* End PBXContainerItemProxy section */

/* Begin PBXFileReference section */
		4F103CF124263DB300429074 /* PromisePriorityChain.app */ = {isa = PBXFileReference; explicitFileType = wrapper.application; includeInIndex = 0; path = PromisePriorityChain.app; sourceTree = BUILT_PRODUCTS_DIR; };
		4F103CF424263DB300429074 /* AppDelegate.swift */ = {isa = PBXFileReference; lastKnownFileType = sourcecode.swift; path = AppDelegate.swift; sourceTree = "<group>"; };
		4F103CF624263DB300429074 /* SceneDelegate.swift */ = {isa = PBXFileReference; lastKnownFileType = sourcecode.swift; path = SceneDelegate.swift; sourceTree = "<group>"; };
		4F103CF824263DB300429074 /* ContentView.swift */ = {isa = PBXFileReference; lastKnownFileType = sourcecode.swift; path = ContentView.swift; sourceTree = "<group>"; };
		4F103CFA24263DB400429074 /* Assets.xcassets */ = {isa = PBXFileReference; lastKnownFileType = folder.assetcatalog; path = Assets.xcassets; sourceTree = "<group>"; };
		4F103CFD24263DB400429074 /* Preview Assets.xcassets */ = {isa = PBXFileReference; lastKnownFileType = folder.assetcatalog; path = "Preview Assets.xcassets"; sourceTree = "<group>"; };
		4F103D0024263DB400429074 /* Base */ = {isa = PBXFileReference; lastKnownFileType = file.storyboard; name = Base; path = Base.lproj/LaunchScreen.storyboard; sourceTree = "<group>"; };
		4F103D0224263DB400429074 /* Info.plist */ = {isa = PBXFileReference; lastKnownFileType = text.plist.xml; path = Info.plist; sourceTree = "<group>"; };
		4F103D0724263DB400429074 /* PromisePriorityChainTests.xctest */ = {isa = PBXFileReference; explicitFileType = wrapper.cfbundle; includeInIndex = 0; path = PromisePriorityChainTests.xctest; sourceTree = BUILT_PRODUCTS_DIR; };
		4F103D0B24263DB400429074 /* PromisePriorityChainTests.swift */ = {isa = PBXFileReference; lastKnownFileType = sourcecode.swift; path = PromisePriorityChainTests.swift; sourceTree = "<group>"; };
		4F103D0D24263DB400429074 /* Info.plist */ = {isa = PBXFileReference; lastKnownFileType = text.plist.xml; path = Info.plist; sourceTree = "<group>"; };
		4F103D1724263FB900429074 /* PriorityElement.swift */ = {isa = PBXFileReference; lastKnownFileType = sourcecode.swift; path = PriorityElement.swift; sourceTree = "<group>"; };
		4F103D1A2426418800429074 /* PriorityPromise.swift */ = {isa = PBXFileReference; lastKnownFileType = sourcecode.swift; path = PriorityPromise.swift; sourceTree = "<group>"; };
		4F103D1D2426482000429074 /* PPCError.swift */ = {isa = PBXFileReference; lastKnownFileType = sourcecode.swift; path = PPCError.swift; sourceTree = "<group>"; };
		4F103D2124279C9500429074 /* PromisePriorityTest.swift */ = {isa = PBXFileReference; lastKnownFileType = sourcecode.swift; path = PromisePriorityTest.swift; sourceTree = "<group>"; };
/* End PBXFileReference section */

/* Begin PBXFrameworksBuildPhase section */
		4F103CEE24263DB300429074 /* Frameworks */ = {
			isa = PBXFrameworksBuildPhase;
			buildActionMask = 2147483647;
			files = (
			);
			runOnlyForDeploymentPostprocessing = 0;
		};
		4F103D0424263DB400429074 /* Frameworks */ = {
			isa = PBXFrameworksBuildPhase;
			buildActionMask = 2147483647;
			files = (
			);
			runOnlyForDeploymentPostprocessing = 0;
		};
/* End PBXFrameworksBuildPhase section */

/* Begin PBXGroup section */
		4F103CE824263DB300429074 = {
			isa = PBXGroup;
			children = (
				4F103CF324263DB300429074 /* PromisePriorityChain */,
				4F103D0A24263DB400429074 /* PromisePriorityChainTests */,
				4F103CF224263DB300429074 /* Products */,
			);
			sourceTree = "<group>";
		};
		4F103CF224263DB300429074 /* Products */ = {
			isa = PBXGroup;
			children = (
				4F103CF124263DB300429074 /* PromisePriorityChain.app */,
				4F103D0724263DB400429074 /* PromisePriorityChainTests.xctest */,
			);
			name = Products;
			sourceTree = "<group>";
		};
		4F103CF324263DB300429074 /* PromisePriorityChain */ = {
			isa = PBXGroup;
			children = (
				4F103D2024279C6E00429074 /* Test */,
				4F103D1624263DCA00429074 /* Priority */,
				4F103CF424263DB300429074 /* AppDelegate.swift */,
				4F103CF624263DB300429074 /* SceneDelegate.swift */,
				4F103CF824263DB300429074 /* ContentView.swift */,
				4F103CFA24263DB400429074 /* Assets.xcassets */,
				4F103CFF24263DB400429074 /* LaunchScreen.storyboard */,
				4F103D0224263DB400429074 /* Info.plist */,
				4F103CFC24263DB400429074 /* Preview Content */,
			);
			path = PromisePriorityChain;
			sourceTree = "<group>";
		};
		4F103CFC24263DB400429074 /* Preview Content */ = {
			isa = PBXGroup;
			children = (
				4F103CFD24263DB400429074 /* Preview Assets.xcassets */,
			);
			path = "Preview Content";
			sourceTree = "<group>";
		};
		4F103D0A24263DB400429074 /* PromisePriorityChainTests */ = {
			isa = PBXGroup;
			children = (
				4F103D0B24263DB400429074 /* PromisePriorityChainTests.swift */,
				4F103D0D24263DB400429074 /* Info.plist */,
			);
			path = PromisePriorityChainTests;
			sourceTree = "<group>";
		};
		4F103D1624263DCA00429074 /* Priority */ = {
			isa = PBXGroup;
			children = (
				4F103D1724263FB900429074 /* PriorityElement.swift */,
				4F103D1A2426418800429074 /* PriorityPromise.swift */,
				4F103D1D2426482000429074 /* PPCError.swift */,
			);
			path = Priority;
			sourceTree = "<group>";
		};
		4F103D2024279C6E00429074 /* Test */ = {
			isa = PBXGroup;
			children = (
				4F103D2124279C9500429074 /* PromisePriorityTest.swift */,
			);
			path = Test;
			sourceTree = "<group>";
		};
/* End PBXGroup section */

/* Begin PBXNativeTarget section */
		4F103CF024263DB300429074 /* PromisePriorityChain */ = {
			isa = PBXNativeTarget;
			buildConfigurationList = 4F103D1024263DB400429074 /* Build configuration list for PBXNativeTarget "PromisePriorityChain" */;
			buildPhases = (
				4F103CED24263DB300429074 /* Sources */,
				4F103CEE24263DB300429074 /* Frameworks */,
				4F103CEF24263DB300429074 /* Resources */,
			);
			buildRules = (
			);
			dependencies = (
			);
			name = PromisePriorityChain;
			productName = PromisePriorityChain;
			productReference = 4F103CF124263DB300429074 /* PromisePriorityChain.app */;
			productType = "com.apple.product-type.application";
		};
		4F103D0624263DB400429074 /* PromisePriorityChainTests */ = {
			isa = PBXNativeTarget;
			buildConfigurationList = 4F103D1324263DB400429074 /* Build configuration list for PBXNativeTarget "PromisePriorityChainTests" */;
			buildPhases = (
				4F103D0324263DB400429074 /* Sources */,
				4F103D0424263DB400429074 /* Frameworks */,
				4F103D0524263DB400429074 /* Resources */,
			);
			buildRules = (
			);
			dependencies = (
				4F103D0924263DB400429074 /* PBXTargetDependency */,
			);
			name = PromisePriorityChainTests;
			productName = PromisePriorityChainTests;
			productReference = 4F103D0724263DB400429074 /* PromisePriorityChainTests.xctest */;
			productType = "com.apple.product-type.bundle.unit-test";
		};
/* End PBXNativeTarget section */

/* Begin PBXProject section */
		4F103CE924263DB300429074 /* Project object */ = {
			isa = PBXProject;
			attributes = {
				LastSwiftUpdateCheck = 1110;
				LastUpgradeCheck = 1110;
				ORGANIZATIONNAME = Runs;
				TargetAttributes = {
					4F103CF024263DB300429074 = {
						CreatedOnToolsVersion = 11.1;
					};
					4F103D0624263DB400429074 = {
						CreatedOnToolsVersion = 11.1;
						TestTargetID = 4F103CF024263DB300429074;
					};
				};
			};
			buildConfigurationList = 4F103CEC24263DB300429074 /* Build configuration list for PBXProject "PromisePriorityChain" */;
			compatibilityVersion = "Xcode 9.3";
			developmentRegion = en;
			hasScannedForEncodings = 0;
			knownRegions = (
				en,
				Base,
			);
			mainGroup = 4F103CE824263DB300429074;
			productRefGroup = 4F103CF224263DB300429074 /* Products */;
			projectDirPath = "";
			projectRoot = "";
			targets = (
				4F103CF024263DB300429074 /* PromisePriorityChain */,
				4F103D0624263DB400429074 /* PromisePriorityChainTests */,
			);
		};
/* End PBXProject section */

/* Begin PBXResourcesBuildPhase section */
		4F103CEF24263DB300429074 /* Resources */ = {
			isa = PBXResourcesBuildPhase;
			buildActionMask = 2147483647;
			files = (
				4F103D0124263DB400429074 /* LaunchScreen.storyboard in Resources */,
				4F103CFE24263DB400429074 /* Preview Assets.xcassets in Resources */,
				4F103CFB24263DB400429074 /* Assets.xcassets in Resources */,
			);
			runOnlyForDeploymentPostprocessing = 0;
		};
		4F103D0524263DB400429074 /* Resources */ = {
			isa = PBXResourcesBuildPhase;
			buildActionMask = 2147483647;
			files = (
			);
			runOnlyForDeploymentPostprocessing = 0;
		};
/* End PBXResourcesBuildPhase section */

/* Begin PBXSourcesBuildPhase section */
		4F103CED24263DB300429074 /* Sources */ = {
			isa = PBXSourcesBuildPhase;
			buildActionMask = 2147483647;
			files = (
				4F103D1E2426482000429074 /* PPCError.swift in Sources */,
				4F103D1B2426418800429074 /* PriorityPromise.swift in Sources */,
				4F103CF524263DB300429074 /* AppDelegate.swift in Sources */,
				4F103D2224279C9500429074 /* PromisePriorityTest.swift in Sources */,
				4F103CF724263DB300429074 /* SceneDelegate.swift in Sources */,
				4F103D1824263FB900429074 /* PriorityElement.swift in Sources */,
				4F103CF924263DB300429074 /* ContentView.swift in Sources */,
			);
			runOnlyForDeploymentPostprocessing = 0;
		};
		4F103D0324263DB400429074 /* Sources */ = {
			isa = PBXSourcesBuildPhase;
			buildActionMask = 2147483647;
			files = (
				4F103D1924263FB900429074 /* PriorityElement.swift in Sources */,
				4F103D2324279C9500429074 /* PromisePriorityTest.swift in Sources */,
				4F103D0C24263DB400429074 /* PromisePriorityChainTests.swift in Sources */,
				4F103D1F2426482000429074 /* PPCError.swift in Sources */,
				4F103D1C2426418800429074 /* PriorityPromise.swift in Sources */,
			);
			runOnlyForDeploymentPostprocessing = 0;
		};
/* End PBXSourcesBuildPhase section */

/* Begin PBXTargetDependency section */
		4F103D0924263DB400429074 /* PBXTargetDependency */ = {
			isa = PBXTargetDependency;
			target = 4F103CF024263DB300429074 /* PromisePriorityChain */;
			targetProxy = 4F103D0824263DB400429074 /* PBXContainerItemProxy */;
		};
/* End PBXTargetDependency section */

/* Begin PBXVariantGroup section */
		4F103CFF24263DB400429074 /* LaunchScreen.storyboard */ = {
			isa = PBXVariantGroup;
			children = (
				4F103D0024263DB400429074 /* Base */,
			);
			name = LaunchScreen.storyboard;
			sourceTree = "<group>";
		};
/* End PBXVariantGroup section */

/* Begin XCBuildConfiguration section */
		4F103D0E24263DB400429074 /* Debug */ = {
			isa = XCBuildConfiguration;
			buildSettings = {
				ALWAYS_SEARCH_USER_PATHS = NO;
				CLANG_ANALYZER_NONNULL = YES;
				CLANG_ANALYZER_NUMBER_OBJECT_CONVERSION = YES_AGGRESSIVE;
				CLANG_CXX_LANGUAGE_STANDARD = "gnu++14";
				CLANG_CXX_LIBRARY = "libc++";
				CLANG_ENABLE_MODULES = YES;
				CLANG_ENABLE_OBJC_ARC = YES;
				CLANG_ENABLE_OBJC_WEAK = YES;
				CLANG_WARN_BLOCK_CAPTURE_AUTORELEASING = YES;
				CLANG_WARN_BOOL_CONVERSION = YES;
				CLANG_WARN_COMMA = YES;
				CLANG_WARN_CONSTANT_CONVERSION = YES;
				CLANG_WARN_DEPRECATED_OBJC_IMPLEMENTATIONS = YES;
				CLANG_WARN_DIRECT_OBJC_ISA_USAGE = YES_ERROR;
				CLANG_WARN_DOCUMENTATION_COMMENTS = YES;
				CLANG_WARN_EMPTY_BODY = YES;
				CLANG_WARN_ENUM_CONVERSION = YES;
				CLANG_WARN_INFINITE_RECURSION = YES;
				CLANG_WARN_INT_CONVERSION = YES;
				CLANG_WARN_NON_LITERAL_NULL_CONVERSION = YES;
				CLANG_WARN_OBJC_IMPLICIT_RETAIN_SELF = YES;
				CLANG_WARN_OBJC_LITERAL_CONVERSION = YES;
				CLANG_WARN_OBJC_ROOT_CLASS = YES_ERROR;
				CLANG_WARN_RANGE_LOOP_ANALYSIS = YES;
				CLANG_WARN_STRICT_PROTOTYPES = YES;
				CLANG_WARN_SUSPICIOUS_MOVE = YES;
				CLANG_WARN_UNGUARDED_AVAILABILITY = YES_AGGRESSIVE;
				CLANG_WARN_UNREACHABLE_CODE = YES;
				CLANG_WARN__DUPLICATE_METHOD_MATCH = YES;
				COPY_PHASE_STRIP = NO;
				DEBUG_INFORMATION_FORMAT = dwarf;
				ENABLE_STRICT_OBJC_MSGSEND = YES;
				ENABLE_TESTABILITY = YES;
				GCC_C_LANGUAGE_STANDARD = gnu11;
				GCC_DYNAMIC_NO_PIC = NO;
				GCC_NO_COMMON_BLOCKS = YES;
				GCC_OPTIMIZATION_LEVEL = 0;
				GCC_PREPROCESSOR_DEFINITIONS = (
					"DEBUG=1",
					"$(inherited)",
				);
				GCC_WARN_64_TO_32_BIT_CONVERSION = YES;
				GCC_WARN_ABOUT_RETURN_TYPE = YES_ERROR;
				GCC_WARN_UNDECLARED_SELECTOR = YES;
				GCC_WARN_UNINITIALIZED_AUTOS = YES_AGGRESSIVE;
				GCC_WARN_UNUSED_FUNCTION = YES;
				GCC_WARN_UNUSED_VARIABLE = YES;
				IPHONEOS_DEPLOYMENT_TARGET = 13.1;
				MTL_ENABLE_DEBUG_INFO = INCLUDE_SOURCE;
				MTL_FAST_MATH = YES;
				ONLY_ACTIVE_ARCH = YES;
				SDKROOT = iphoneos;
				SWIFT_ACTIVE_COMPILATION_CONDITIONS = DEBUG;
				SWIFT_OPTIMIZATION_LEVEL = "-Onone";
			};
			name = Debug;
		};
		4F103D0F24263DB400429074 /* Release */ = {
			isa = XCBuildConfiguration;
			buildSettings = {
				ALWAYS_SEARCH_USER_PATHS = NO;
				CLANG_ANALYZER_NONNULL = YES;
				CLANG_ANALYZER_NUMBER_OBJECT_CONVERSION = YES_AGGRESSIVE;
				CLANG_CXX_LANGUAGE_STANDARD = "gnu++14";
				CLANG_CXX_LIBRARY = "libc++";
				CLANG_ENABLE_MODULES = YES;
				CLANG_ENABLE_OBJC_ARC = YES;
				CLANG_ENABLE_OBJC_WEAK = YES;
				CLANG_WARN_BLOCK_CAPTURE_AUTORELEASING = YES;
				CLANG_WARN_BOOL_CONVERSION = YES;
				CLANG_WARN_COMMA = YES;
				CLANG_WARN_CONSTANT_CONVERSION = YES;
				CLANG_WARN_DEPRECATED_OBJC_IMPLEMENTATIONS = YES;
				CLANG_WARN_DIRECT_OBJC_ISA_USAGE = YES_ERROR;
				CLANG_WARN_DOCUMENTATION_COMMENTS = YES;
				CLANG_WARN_EMPTY_BODY = YES;
				CLANG_WARN_ENUM_CONVERSION = YES;
				CLANG_WARN_INFINITE_RECURSION = YES;
				CLANG_WARN_INT_CONVERSION = YES;
				CLANG_WARN_NON_LITERAL_NULL_CONVERSION = YES;
				CLANG_WARN_OBJC_IMPLICIT_RETAIN_SELF = YES;
				CLANG_WARN_OBJC_LITERAL_CONVERSION = YES;
				CLANG_WARN_OBJC_ROOT_CLASS = YES_ERROR;
				CLANG_WARN_RANGE_LOOP_ANALYSIS = YES;
				CLANG_WARN_STRICT_PROTOTYPES = YES;
				CLANG_WARN_SUSPICIOUS_MOVE = YES;
				CLANG_WARN_UNGUARDED_AVAILABILITY = YES_AGGRESSIVE;
				CLANG_WARN_UNREACHABLE_CODE = YES;
				CLANG_WARN__DUPLICATE_METHOD_MATCH = YES;
				COPY_PHASE_STRIP = NO;
				DEBUG_INFORMATION_FORMAT = "dwarf-with-dsym";
				ENABLE_NS_ASSERTIONS = NO;
				ENABLE_STRICT_OBJC_MSGSEND = YES;
				GCC_C_LANGUAGE_STANDARD = gnu11;
				GCC_NO_COMMON_BLOCKS = YES;
				GCC_WARN_64_TO_32_BIT_CONVERSION = YES;
				GCC_WARN_ABOUT_RETURN_TYPE = YES_ERROR;
				GCC_WARN_UNDECLARED_SELECTOR = YES;
				GCC_WARN_UNINITIALIZED_AUTOS = YES_AGGRESSIVE;
				GCC_WARN_UNUSED_FUNCTION = YES;
				GCC_WARN_UNUSED_VARIABLE = YES;
				IPHONEOS_DEPLOYMENT_TARGET = 13.1;
				MTL_ENABLE_DEBUG_INFO = NO;
				MTL_FAST_MATH = YES;
				SDKROOT = iphoneos;
				SWIFT_COMPILATION_MODE = wholemodule;
				SWIFT_OPTIMIZATION_LEVEL = "-O";
				VALIDATE_PRODUCT = YES;
			};
			name = Release;
		};
		4F103D1124263DB400429074 /* Debug */ = {
			isa = XCBuildConfiguration;
			buildSettings = {
				ASSETCATALOG_COMPILER_APPICON_NAME = AppIcon;
				CODE_SIGN_STYLE = Automatic;
				DEVELOPMENT_ASSET_PATHS = "\"PromisePriorityChain/Preview Content\"";
				DEVELOPMENT_TEAM = KPSKY2677A;
				ENABLE_PREVIEWS = YES;
				INFOPLIST_FILE = PromisePriorityChain/Info.plist;
				LD_RUNPATH_SEARCH_PATHS = (
					"$(inherited)",
					"@executable_path/Frameworks",
				);
				PRODUCT_BUNDLE_IDENTIFIER = Runs.PromisePriorityChain;
				PRODUCT_NAME = "$(TARGET_NAME)";
				SWIFT_VERSION = 5.0;
				TARGETED_DEVICE_FAMILY = "1,2";
			};
			name = Debug;
		};
		4F103D1224263DB400429074 /* Release */ = {
			isa = XCBuildConfiguration;
			buildSettings = {
				ASSETCATALOG_COMPILER_APPICON_NAME = AppIcon;
				CODE_SIGN_STYLE = Automatic;
				DEVELOPMENT_ASSET_PATHS = "\"PromisePriorityChain/Preview Content\"";
				DEVELOPMENT_TEAM = KPSKY2677A;
				ENABLE_PREVIEWS = YES;
				INFOPLIST_FILE = PromisePriorityChain/Info.plist;
				LD_RUNPATH_SEARCH_PATHS = (
					"$(inherited)",
					"@executable_path/Frameworks",
				);
				PRODUCT_BUNDLE_IDENTIFIER = Runs.PromisePriorityChain;
				PRODUCT_NAME = "$(TARGET_NAME)";
				SWIFT_VERSION = 5.0;
				TARGETED_DEVICE_FAMILY = "1,2";
			};
			name = Release;
		};
		4F103D1424263DB400429074 /* Debug */ = {
			isa = XCBuildConfiguration;
			buildSettings = {
				ALWAYS_EMBED_SWIFT_STANDARD_LIBRARIES = YES;
				BUNDLE_LOADER = "$(TEST_HOST)";
				CODE_SIGN_STYLE = Automatic;
				DEVELOPMENT_TEAM = KPSKY2677A;
				INFOPLIST_FILE = PromisePriorityChainTests/Info.plist;
				IPHONEOS_DEPLOYMENT_TARGET = 13.1;
				LD_RUNPATH_SEARCH_PATHS = (
					"$(inherited)",
					"@executable_path/Frameworks",
					"@loader_path/Frameworks",
				);
				PRODUCT_BUNDLE_IDENTIFIER = Runs.PromisePriorityChainTests;
				PRODUCT_NAME = "$(TARGET_NAME)";
				SWIFT_VERSION = 5.0;
				TARGETED_DEVICE_FAMILY = "1,2";
				TEST_HOST = "$(BUILT_PRODUCTS_DIR)/PromisePriorityChain.app/PromisePriorityChain";
			};
			name = Debug;
		};
		4F103D1524263DB400429074 /* Release */ = {
			isa = XCBuildConfiguration;
			buildSettings = {
				ALWAYS_EMBED_SWIFT_STANDARD_LIBRARIES = YES;
				BUNDLE_LOADER = "$(TEST_HOST)";
				CODE_SIGN_STYLE = Automatic;
				DEVELOPMENT_TEAM = KPSKY2677A;
				INFOPLIST_FILE = PromisePriorityChainTests/Info.plist;
				IPHONEOS_DEPLOYMENT_TARGET = 13.1;
				LD_RUNPATH_SEARCH_PATHS = (
					"$(inherited)",
					"@executable_path/Frameworks",
					"@loader_path/Frameworks",
				);
				PRODUCT_BUNDLE_IDENTIFIER = Runs.PromisePriorityChainTests;
				PRODUCT_NAME = "$(TARGET_NAME)";
				SWIFT_VERSION = 5.0;
				TARGETED_DEVICE_FAMILY = "1,2";
				TEST_HOST = "$(BUILT_PRODUCTS_DIR)/PromisePriorityChain.app/PromisePriorityChain";
			};
			name = Release;
		};
/* End XCBuildConfiguration section */

/* Begin XCConfigurationList section */
		4F103CEC24263DB300429074 /* Build configuration list for PBXProject "PromisePriorityChain" */ = {
			isa = XCConfigurationList;
			buildConfigurations = (
				4F103D0E24263DB400429074 /* Debug */,
				4F103D0F24263DB400429074 /* Release */,
			);
			defaultConfigurationIsVisible = 0;
			defaultConfigurationName = Release;
		};
		4F103D1024263DB400429074 /* Build configuration list for PBXNativeTarget "PromisePriorityChain" */ = {
			isa = XCConfigurationList;
			buildConfigurations = (
				4F103D1124263DB400429074 /* Debug */,
				4F103D1224263DB400429074 /* Release */,
			);
			defaultConfigurationIsVisible = 0;
			defaultConfigurationName = Release;
		};
		4F103D1324263DB400429074 /* Build configuration list for PBXNativeTarget "PromisePriorityChainTests" */ = {
			isa = XCConfigurationList;
			buildConfigurations = (
				4F103D1424263DB400429074 /* Debug */,
				4F103D1524263DB400429074 /* Release */,
			);
			defaultConfigurationIsVisible = 0;
			defaultConfigurationName = Release;
		};
/* End XCConfigurationList section */
	};
	rootObject = 4F103CE924263DB300429074 /* Project object */;
}
