// !$*UTF8*$!
{
	archiveVersion = 1;
	classes = {
	};
	objectVersion = 50;
	objects = {

/* Begin PBXBuildFile section */
		4F103CB02425F79900429074 /* AppDelegate.m in Sources */ = {isa = PBXBuildFile; fileRef = 4F103CAF2425F79900429074 /* AppDelegate.m */; };
		4F103CB32425F79900429074 /* SceneDelegate.m in Sources */ = {isa = PBXBuildFile; fileRef = 4F103CB22425F79900429074 /* SceneDelegate.m */; };
		4F103CB62425F79900429074 /* ViewController.m in Sources */ = {isa = PBXBuildFile; fileRef = 4F103CB52425F79900429074 /* ViewController.m */; };
		4F103CB92425F79900429074 /* Main.storyboard in Resources */ = {isa = PBXBuildFile; fileRef = 4F103CB72425F79900429074 /* Main.storyboard */; };
		4F103CBB2425F79B00429074 /* Assets.xcassets in Resources */ = {isa = PBXBuildFile; fileRef = 4F103CBA2425F79B00429074 /* Assets.xcassets */; };
		4F103CBE2425F79B00429074 /* LaunchScreen.storyboard in Resources */ = {isa = PBXBuildFile; fileRef = 4F103CBC2425F79B00429074 /* LaunchScreen.storyboard */; };
		4F103CC12425F79B00429074 /* main.m in Sources */ = {isa = PBXBuildFile; fileRef = 4F103CC02425F79B00429074 /* main.m */; };
		4F103CCB2425F79B00429074 /* PromisePriorityChainTests.m in Sources */ = {isa = PBXBuildFile; fileRef = 4F103CCA2425F79B00429074 /* PromisePriorityChainTests.m */; };
		4F103CDE2425F7DB00429074 /* PrioritySessionElement.m in Sources */ = {isa = PBXBuildFile; fileRef = 4F103CD92425F7DB00429074 /* PrioritySessionElement.m */; };
		4F103CDF2425F7DB00429074 /* PrioritySessionElement.m in Sources */ = {isa = PBXBuildFile; fileRef = 4F103CD92425F7DB00429074 /* PrioritySessionElement.m */; };
		4F103CE02425F7DB00429074 /* PriorityPromise.m in Sources */ = {isa = PBXBuildFile; fileRef = 4F103CDA2425F7DB00429074 /* PriorityPromise.m */; };
		4F103CE12425F7DB00429074 /* PriorityPromise.m in Sources */ = {isa = PBXBuildFile; fileRef = 4F103CDA2425F7DB00429074 /* PriorityPromise.m */; };
		4F103CE22425F7DB00429074 /* PriorityDemo.m in Sources */ = {isa = PBXBuildFile; fileRef = 4F103CDC2425F7DB00429074 /* PriorityDemo.m */; };
		4F103CE32425F7DB00429074 /* PriorityDemo.m in Sources */ = {isa = PBXBuildFile; fileRef = 4F103CDC2425F7DB00429074 /* PriorityDemo.m */; };
		4F103CE62425F7EC00429074 /* PrioritySessionCustomElement.m in Sources */ = {isa = PBXBuildFile; fileRef = 4F103CE42425F7EC00429074 /* PrioritySessionCustomElement.m */; };
		4F103CE72425F7EC00429074 /* PrioritySessionCustomElement.m in Sources */ = {isa = PBXBuildFile; fileRef = 4F103CE42425F7EC00429074 /* PrioritySessionCustomElement.m */; };
/* End PBXBuildFile section */

/* Begin PBXContainerItemProxy section */
		4F103CC72425F79B00429074 /* PBXContainerItemProxy */ = {
			isa = PBXContainerItemProxy;
			containerPortal = 4F103CA32425F79900429074 /* Project object */;
			proxyType = 1;
			remoteGlobalIDString = 4F103CAA2425F79900429074;
			remoteInfo = PromisePriorityChain;
		};
/* End PBXContainerItemProxy section */

/* Begin PBXFileReference section */
		4F103CAB2425F79900429074 /* PromisePriorityChain.app */ = {isa = PBXFileReference; explicitFileType = wrapper.application; includeInIndex = 0; path = PromisePriorityChain.app; sourceTree = BUILT_PRODUCTS_DIR; };
		4F103CAE2425F79900429074 /* AppDelegate.h */ = {isa = PBXFileReference; lastKnownFileType = sourcecode.c.h; path = AppDelegate.h; sourceTree = "<group>"; };
		4F103CAF2425F79900429074 /* AppDelegate.m */ = {isa = PBXFileReference; lastKnownFileType = sourcecode.c.objc; path = AppDelegate.m; sourceTree = "<group>"; };
		4F103CB12425F79900429074 /* SceneDelegate.h */ = {isa = PBXFileReference; lastKnownFileType = sourcecode.c.h; path = SceneDelegate.h; sourceTree = "<group>"; };
		4F103CB22425F79900429074 /* SceneDelegate.m */ = {isa = PBXFileReference; lastKnownFileType = sourcecode.c.objc; path = SceneDelegate.m; sourceTree = "<group>"; };
		4F103CB42425F79900429074 /* ViewController.h */ = {isa = PBXFileReference; lastKnownFileType = sourcecode.c.h; path = ViewController.h; sourceTree = "<group>"; };
		4F103CB52425F79900429074 /* ViewController.m */ = {isa = PBXFileReference; lastKnownFileType = sourcecode.c.objc; path = ViewController.m; sourceTree = "<group>"; };
		4F103CB82425F79900429074 /* Base */ = {isa = PBXFileReference; lastKnownFileType = file.storyboard; name = Base; path = Base.lproj/Main.storyboard; sourceTree = "<group>"; };
		4F103CBA2425F79B00429074 /* Assets.xcassets */ = {isa = PBXFileReference; lastKnownFileType = folder.assetcatalog; path = Assets.xcassets; sourceTree = "<group>"; };
		4F103CBD2425F79B00429074 /* Base */ = {isa = PBXFileReference; lastKnownFileType = file.storyboard; name = Base; path = Base.lproj/LaunchScreen.storyboard; sourceTree = "<group>"; };
		4F103CBF2425F79B00429074 /* Info.plist */ = {isa = PBXFileReference; lastKnownFileType = text.plist.xml; path = Info.plist; sourceTree = "<group>"; };
		4F103CC02425F79B00429074 /* main.m */ = {isa = PBXFileReference; lastKnownFileType = sourcecode.c.objc; path = main.m; sourceTree = "<group>"; };
		4F103CC62425F79B00429074 /* PromisePriorityChainTests.xctest */ = {isa = PBXFileReference; explicitFileType = wrapper.cfbundle; includeInIndex = 0; path = PromisePriorityChainTests.xctest; sourceTree = BUILT_PRODUCTS_DIR; };
		4F103CCA2425F79B00429074 /* PromisePriorityChainTests.m */ = {isa = PBXFileReference; lastKnownFileType = sourcecode.c.objc; path = PromisePriorityChainTests.m; sourceTree = "<group>"; };
		4F103CCC2425F79B00429074 /* Info.plist */ = {isa = PBXFileReference; lastKnownFileType = text.plist.xml; path = Info.plist; sourceTree = "<group>"; };
		4F103CD62425F7DB00429074 /* PriorityElementProtocol.h */ = {isa = PBXFileReference; fileEncoding = 4; lastKnownFileType = sourcecode.c.h; path = PriorityElementProtocol.h; sourceTree = "<group>"; };
		4F103CD72425F7DB00429074 /* PrioritySessionElement.h */ = {isa = PBXFileReference; fileEncoding = 4; lastKnownFileType = sourcecode.c.h; path = PrioritySessionElement.h; sourceTree = "<group>"; };
		4F103CD82425F7DB00429074 /* PriorityPromise.h */ = {isa = PBXFileReference; fileEncoding = 4; lastKnownFileType = sourcecode.c.h; path = PriorityPromise.h; sourceTree = "<group>"; };
		4F103CD92425F7DB00429074 /* PrioritySessionElement.m */ = {isa = PBXFileReference; fileEncoding = 4; lastKnownFileType = sourcecode.c.objc; path = PrioritySessionElement.m; sourceTree = "<group>"; };
		4F103CDA2425F7DB00429074 /* PriorityPromise.m */ = {isa = PBXFileReference; fileEncoding = 4; lastKnownFileType = sourcecode.c.objc; path = PriorityPromise.m; sourceTree = "<group>"; };
		4F103CDC2425F7DB00429074 /* PriorityDemo.m */ = {isa = PBXFileReference; fileEncoding = 4; lastKnownFileType = sourcecode.c.objc; path = PriorityDemo.m; sourceTree = "<group>"; };
		4F103CDD2425F7DB00429074 /* PriorityDemo.h */ = {isa = PBXFileReference; fileEncoding = 4; lastKnownFileType = sourcecode.c.h; path = PriorityDemo.h; sourceTree = "<group>"; };
		4F103CE42425F7EC00429074 /* PrioritySessionCustomElement.m */ = {isa = PBXFileReference; fileEncoding = 4; lastKnownFileType = sourcecode.c.objc; path = PrioritySessionCustomElement.m; sourceTree = "<group>"; };
		4F103CE52425F7EC00429074 /* PrioritySessionCustomElement.h */ = {isa = PBXFileReference; fileEncoding = 4; lastKnownFileType = sourcecode.c.h; path = PrioritySessionCustomElement.h; sourceTree = "<group>"; };
/* End PBXFileReference section */

/* Begin PBXFrameworksBuildPhase section */
		4F103CA82425F79900429074 /* Frameworks */ = {
			isa = PBXFrameworksBuildPhase;
			buildActionMask = 2147483647;
			files = (
			);
			runOnlyForDeploymentPostprocessing = 0;
		};
		4F103CC32425F79B00429074 /* Frameworks */ = {
			isa = PBXFrameworksBuildPhase;
			buildActionMask = 2147483647;
			files = (
			);
			runOnlyForDeploymentPostprocessing = 0;
		};
/* End PBXFrameworksBuildPhase section */

/* Begin PBXGroup section */
		4F103CA22425F79900429074 = {
			isa = PBXGroup;
			children = (
				4F103CAD2425F79900429074 /* PromisePriorityChain */,
				4F103CC92425F79B00429074 /* PromisePriorityChainTests */,
				4F103CAC2425F79900429074 /* Products */,
			);
			sourceTree = "<group>";
		};
		4F103CAC2425F79900429074 /* Products */ = {
			isa = PBXGroup;
			children = (
				4F103CAB2425F79900429074 /* PromisePriorityChain.app */,
				4F103CC62425F79B00429074 /* PromisePriorityChainTests.xctest */,
			);
			name = Products;
			sourceTree = "<group>";
		};
		4F103CAD2425F79900429074 /* PromisePriorityChain */ = {
			isa = PBXGroup;
			children = (
				4F103CD52425F7DB00429074 /* Priority */,
				4F103CDB2425F7DB00429074 /* Test */,
				4F103CAE2425F79900429074 /* AppDelegate.h */,
				4F103CAF2425F79900429074 /* AppDelegate.m */,
				4F103CB12425F79900429074 /* SceneDelegate.h */,
				4F103CB22425F79900429074 /* SceneDelegate.m */,
				4F103CB42425F79900429074 /* ViewController.h */,
				4F103CB52425F79900429074 /* ViewController.m */,
				4F103CB72425F79900429074 /* Main.storyboard */,
				4F103CBA2425F79B00429074 /* Assets.xcassets */,
				4F103CBC2425F79B00429074 /* LaunchScreen.storyboard */,
				4F103CBF2425F79B00429074 /* Info.plist */,
				4F103CC02425F79B00429074 /* main.m */,
			);
			path = PromisePriorityChain;
			sourceTree = "<group>";
		};
		4F103CC92425F79B00429074 /* PromisePriorityChainTests */ = {
			isa = PBXGroup;
			children = (
				4F103CCA2425F79B00429074 /* PromisePriorityChainTests.m */,
				4F103CCC2425F79B00429074 /* Info.plist */,
			);
			path = PromisePriorityChainTests;
			sourceTree = "<group>";
		};
		4F103CD52425F7DB00429074 /* Priority */ = {
			isa = PBXGroup;
			children = (
				4F103CD62425F7DB00429074 /* PriorityElementProtocol.h */,
				4F103CD82425F7DB00429074 /* PriorityPromise.h */,
				4F103CDA2425F7DB00429074 /* PriorityPromise.m */,
				4F103CD72425F7DB00429074 /* PrioritySessionElement.h */,
				4F103CD92425F7DB00429074 /* PrioritySessionElement.m */,
			);
			path = Priority;
			sourceTree = "<group>";
		};
		4F103CDB2425F7DB00429074 /* Test */ = {
			isa = PBXGroup;
			children = (
				4F103CDD2425F7DB00429074 /* PriorityDemo.h */,
				4F103CDC2425F7DB00429074 /* PriorityDemo.m */,
				4F103CE52425F7EC00429074 /* PrioritySessionCustomElement.h */,
				4F103CE42425F7EC00429074 /* PrioritySessionCustomElement.m */,
			);
			path = Test;
			sourceTree = "<group>";
		};
/* End PBXGroup section */

/* Begin PBXNativeTarget section */
		4F103CAA2425F79900429074 /* PromisePriorityChain */ = {
			isa = PBXNativeTarget;
			buildConfigurationList = 4F103CCF2425F79B00429074 /* Build configuration list for PBXNativeTarget "PromisePriorityChain" */;
			buildPhases = (
				4F103CA72425F79900429074 /* Sources */,
				4F103CA82425F79900429074 /* Frameworks */,
				4F103CA92425F79900429074 /* Resources */,
			);
			buildRules = (
			);
			dependencies = (
			);
			name = PromisePriorityChain;
			productName = PromisePriorityChain;
			productReference = 4F103CAB2425F79900429074 /* PromisePriorityChain.app */;
			productType = "com.apple.product-type.application";
		};
		4F103CC52425F79B00429074 /* PromisePriorityChainTests */ = {
			isa = PBXNativeTarget;
			buildConfigurationList = 4F103CD22425F79B00429074 /* Build configuration list for PBXNativeTarget "PromisePriorityChainTests" */;
			buildPhases = (
				4F103CC22425F79B00429074 /* Sources */,
				4F103CC32425F79B00429074 /* Frameworks */,
				4F103CC42425F79B00429074 /* Resources */,
			);
			buildRules = (
			);
			dependencies = (
				4F103CC82425F79B00429074 /* PBXTargetDependency */,
			);
			name = PromisePriorityChainTests;
			productName = PromisePriorityChainTests;
			productReference = 4F103CC62425F79B00429074 /* PromisePriorityChainTests.xctest */;
			productType = "com.apple.product-type.bundle.unit-test";
		};
/* End PBXNativeTarget section */

/* Begin PBXProject section */
		4F103CA32425F79900429074 /* Project object */ = {
			isa = PBXProject;
			attributes = {
				LastUpgradeCheck = 1110;
				ORGANIZATIONNAME = "王亚军";
				TargetAttributes = {
					4F103CAA2425F79900429074 = {
						CreatedOnToolsVersion = 11.1;
					};
					4F103CC52425F79B00429074 = {
						CreatedOnToolsVersion = 11.1;
						TestTargetID = 4F103CAA2425F79900429074;
					};
				};
			};
			buildConfigurationList = 4F103CA62425F79900429074 /* Build configuration list for PBXProject "PromisePriorityChain" */;
			compatibilityVersion = "Xcode 9.3";
			developmentRegion = en;
			hasScannedForEncodings = 0;
			knownRegions = (
				en,
				Base,
			);
			mainGroup = 4F103CA22425F79900429074;
			productRefGroup = 4F103CAC2425F79900429074 /* Products */;
			projectDirPath = "";
			projectRoot = "";
			targets = (
				4F103CAA2425F79900429074 /* PromisePriorityChain */,
				4F103CC52425F79B00429074 /* PromisePriorityChainTests */,
			);
		};
/* End PBXProject section */

/* Begin PBXResourcesBuildPhase section */
		4F103CA92425F79900429074 /* Resources */ = {
			isa = PBXResourcesBuildPhase;
			buildActionMask = 2147483647;
			files = (
				4F103CBE2425F79B00429074 /* LaunchScreen.storyboard in Resources */,
				4F103CBB2425F79B00429074 /* Assets.xcassets in Resources */,
				4F103CB92425F79900429074 /* Main.storyboard in Resources */,
			);
			runOnlyForDeploymentPostprocessing = 0;
		};
		4F103CC42425F79B00429074 /* Resources */ = {
			isa = PBXResourcesBuildPhase;
			buildActionMask = 2147483647;
			files = (
			);
			runOnlyForDeploymentPostprocessing = 0;
		};
/* End PBXResourcesBuildPhase section */

/* Begin PBXSourcesBuildPhase section */
		4F103CA72425F79900429074 /* Sources */ = {
			isa = PBXSourcesBuildPhase;
			buildActionMask = 2147483647;
			files = (
				4F103CB62425F79900429074 /* ViewController.m in Sources */,
				4F103CB02425F79900429074 /* AppDelegate.m in Sources */,
				4F103CDE2425F7DB00429074 /* PrioritySessionElement.m in Sources */,
				4F103CC12425F79B00429074 /* main.m in Sources */,
				4F103CE62425F7EC00429074 /* PrioritySessionCustomElement.m in Sources */,
				4F103CB32425F79900429074 /* SceneDelegate.m in Sources */,
				4F103CE22425F7DB00429074 /* PriorityDemo.m in Sources */,
				4F103CE02425F7DB00429074 /* PriorityPromise.m in Sources */,
			);
			runOnlyForDeploymentPostprocessing = 0;
		};
		4F103CC22425F79B00429074 /* Sources */ = {
			isa = PBXSourcesBuildPhase;
			buildActionMask = 2147483647;
			files = (
				4F103CE32425F7DB00429074 /* PriorityDemo.m in Sources */,
				4F103CCB2425F79B00429074 /* PromisePriorityChainTests.m in Sources */,
				4F103CDF2425F7DB00429074 /* PrioritySessionElement.m in Sources */,
				4F103CE72425F7EC00429074 /* PrioritySessionCustomElement.m in Sources */,
				4F103CE12425F7DB00429074 /* PriorityPromise.m in Sources */,
			);
			runOnlyForDeploymentPostprocessing = 0;
		};
/* End PBXSourcesBuildPhase section */

/* Begin PBXTargetDependency section */
		4F103CC82425F79B00429074 /* PBXTargetDependency */ = {
			isa = PBXTargetDependency;
			target = 4F103CAA2425F79900429074 /* PromisePriorityChain */;
			targetProxy = 4F103CC72425F79B00429074 /* PBXContainerItemProxy */;
		};
/* End PBXTargetDependency section */

/* Begin PBXVariantGroup section */
		4F103CB72425F79900429074 /* Main.storyboard */ = {
			isa = PBXVariantGroup;
			children = (
				4F103CB82425F79900429074 /* Base */,
			);
			name = Main.storyboard;
			sourceTree = "<group>";
		};
		4F103CBC2425F79B00429074 /* LaunchScreen.storyboard */ = {
			isa = PBXVariantGroup;
			children = (
				4F103CBD2425F79B00429074 /* Base */,
			);
			name = LaunchScreen.storyboard;
			sourceTree = "<group>";
		};
/* End PBXVariantGroup section */

/* Begin XCBuildConfiguration section */
		4F103CCD2425F79B00429074 /* Debug */ = {
			isa = XCBuildConfiguration;
			buildSettings = {
				ALWAYS_SEARCH_USER_PATHS = NO;
				CLANG_ANALYZER_NONNULL = YES;
				CLANG_ANALYZER_NUMBER_OBJECT_CONVERSION = YES_AGGRESSIVE;
				CLANG_CXX_LANGUAGE_STANDARD = "gnu++14";
				CLANG_CXX_LIBRARY = "libc++";
				CLANG_ENABLE_MODULES = YES;
				CLANG_ENABLE_OBJC_ARC = YES;
				CLANG_ENABLE_OBJC_WEAK = YES;
				CLANG_WARN_BLOCK_CAPTURE_AUTORELEASING = YES;
				CLANG_WARN_BOOL_CONVERSION = YES;
				CLANG_WARN_COMMA = YES;
				CLANG_WARN_CONSTANT_CONVERSION = YES;
				CLANG_WARN_DEPRECATED_OBJC_IMPLEMENTATIONS = YES;
				CLANG_WARN_DIRECT_OBJC_ISA_USAGE = YES_ERROR;
				CLANG_WARN_DOCUMENTATION_COMMENTS = YES;
				CLANG_WARN_EMPTY_BODY = YES;
				CLANG_WARN_ENUM_CONVERSION = YES;
				CLANG_WARN_INFINITE_RECURSION = YES;
				CLANG_WARN_INT_CONVERSION = YES;
				CLANG_WARN_NON_LITERAL_NULL_CONVERSION = YES;
				CLANG_WARN_OBJC_IMPLICIT_RETAIN_SELF = YES;
				CLANG_WARN_OBJC_LITERAL_CONVERSION = YES;
				CLANG_WARN_OBJC_ROOT_CLASS = YES_ERROR;
				CLANG_WARN_RANGE_LOOP_ANALYSIS = YES;
				CLANG_WARN_STRICT_PROTOTYPES = YES;
				CLANG_WARN_SUSPICIOUS_MOVE = YES;
				CLANG_WARN_UNGUARDED_AVAILABILITY = YES_AGGRESSIVE;
				CLANG_WARN_UNREACHABLE_CODE = YES;
				CLANG_WARN__DUPLICATE_METHOD_MATCH = YES;
				COPY_PHASE_STRIP = NO;
				DEBUG_INFORMATION_FORMAT = dwarf;
				ENABLE_STRICT_OBJC_MSGSEND = YES;
				ENABLE_TESTABILITY = YES;
				GCC_C_LANGUAGE_STANDARD = gnu11;
				GCC_DYNAMIC_NO_PIC = NO;
				GCC_NO_COMMON_BLOCKS = YES;
				GCC_OPTIMIZATION_LEVEL = 0;
				GCC_PREPROCESSOR_DEFINITIONS = (
					"DEBUG=1",
					"$(inherited)",
				);
				GCC_WARN_64_TO_32_BIT_CONVERSION = YES;
				GCC_WARN_ABOUT_RETURN_TYPE = YES_ERROR;
				GCC_WARN_UNDECLARED_SELECTOR = YES;
				GCC_WARN_UNINITIALIZED_AUTOS = YES_AGGRESSIVE;
				GCC_WARN_UNUSED_FUNCTION = YES;
				GCC_WARN_UNUSED_VARIABLE = YES;
				IPHONEOS_DEPLOYMENT_TARGET = 13.1;
				MTL_ENABLE_DEBUG_INFO = INCLUDE_SOURCE;
				MTL_FAST_MATH = YES;
				ONLY_ACTIVE_ARCH = YES;
				SDKROOT = iphoneos;
			};
			name = Debug;
		};
		4F103CCE2425F79B00429074 /* Release */ = {
			isa = XCBuildConfiguration;
			buildSettings = {
				ALWAYS_SEARCH_USER_PATHS = NO;
				CLANG_ANALYZER_NONNULL = YES;
				CLANG_ANALYZER_NUMBER_OBJECT_CONVERSION = YES_AGGRESSIVE;
				CLANG_CXX_LANGUAGE_STANDARD = "gnu++14";
				CLANG_CXX_LIBRARY = "libc++";
				CLANG_ENABLE_MODULES = YES;
				CLANG_ENABLE_OBJC_ARC = YES;
				CLANG_ENABLE_OBJC_WEAK = YES;
				CLANG_WARN_BLOCK_CAPTURE_AUTORELEASING = YES;
				CLANG_WARN_BOOL_CONVERSION = YES;
				CLANG_WARN_COMMA = YES;
				CLANG_WARN_CONSTANT_CONVERSION = YES;
				CLANG_WARN_DEPRECATED_OBJC_IMPLEMENTATIONS = YES;
				CLANG_WARN_DIRECT_OBJC_ISA_USAGE = YES_ERROR;
				CLANG_WARN_DOCUMENTATION_COMMENTS = YES;
				CLANG_WARN_EMPTY_BODY = YES;
				CLANG_WARN_ENUM_CONVERSION = YES;
				CLANG_WARN_INFINITE_RECURSION = YES;
				CLANG_WARN_INT_CONVERSION = YES;
				CLANG_WARN_NON_LITERAL_NULL_CONVERSION = YES;
				CLANG_WARN_OBJC_IMPLICIT_RETAIN_SELF = YES;
				CLANG_WARN_OBJC_LITERAL_CONVERSION = YES;
				CLANG_WARN_OBJC_ROOT_CLASS = YES_ERROR;
				CLANG_WARN_RANGE_LOOP_ANALYSIS = YES;
				CLANG_WARN_STRICT_PROTOTYPES = YES;
				CLANG_WARN_SUSPICIOUS_MOVE = YES;
				CLANG_WARN_UNGUARDED_AVAILABILITY = YES_AGGRESSIVE;
				CLANG_WARN_UNREACHABLE_CODE = YES;
				CLANG_WARN__DUPLICATE_METHOD_MATCH = YES;
				COPY_PHASE_STRIP = NO;
				DEBUG_INFORMATION_FORMAT = "dwarf-with-dsym";
				ENABLE_NS_ASSERTIONS = NO;
				ENABLE_STRICT_OBJC_MSGSEND = YES;
				GCC_C_LANGUAGE_STANDARD = gnu11;
				GCC_NO_COMMON_BLOCKS = YES;
				GCC_WARN_64_TO_32_BIT_CONVERSION = YES;
				GCC_WARN_ABOUT_RETURN_TYPE = YES_ERROR;
				GCC_WARN_UNDECLARED_SELECTOR = YES;
				GCC_WARN_UNINITIALIZED_AUTOS = YES_AGGRESSIVE;
				GCC_WARN_UNUSED_FUNCTION = YES;
				GCC_WARN_UNUSED_VARIABLE = YES;
				IPHONEOS_DEPLOYMENT_TARGET = 13.1;
				MTL_ENABLE_DEBUG_INFO = NO;
				MTL_FAST_MATH = YES;
				SDKROOT = iphoneos;
				VALIDATE_PRODUCT = YES;
			};
			name = Release;
		};
		4F103CD02425F79B00429074 /* Debug */ = {
			isa = XCBuildConfiguration;
			buildSettings = {
				ASSETCATALOG_COMPILER_APPICON_NAME = AppIcon;
				CODE_SIGN_STYLE = Automatic;
				DEVELOPMENT_TEAM = KPSKY2677A;
				INFOPLIST_FILE = PromisePriorityChain/Info.plist;
				LD_RUNPATH_SEARCH_PATHS = (
					"$(inherited)",
					"@executable_path/Frameworks",
				);
				PRODUCT_BUNDLE_IDENTIFIER = Runs.PromisePriorityChain;
				PRODUCT_NAME = "$(TARGET_NAME)";
				TARGETED_DEVICE_FAMILY = "1,2";
			};
			name = Debug;
		};
		4F103CD12425F79B00429074 /* Release */ = {
			isa = XCBuildConfiguration;
			buildSettings = {
				ASSETCATALOG_COMPILER_APPICON_NAME = AppIcon;
				CODE_SIGN_STYLE = Automatic;
				DEVELOPMENT_TEAM = KPSKY2677A;
				INFOPLIST_FILE = PromisePriorityChain/Info.plist;
				LD_RUNPATH_SEARCH_PATHS = (
					"$(inherited)",
					"@executable_path/Frameworks",
				);
				PRODUCT_BUNDLE_IDENTIFIER = Runs.PromisePriorityChain;
				PRODUCT_NAME = "$(TARGET_NAME)";
				TARGETED_DEVICE_FAMILY = "1,2";
			};
			name = Release;
		};
		4F103CD32425F79B00429074 /* Debug */ = {
			isa = XCBuildConfiguration;
			buildSettings = {
				BUNDLE_LOADER = "$(TEST_HOST)";
				CODE_SIGN_STYLE = Automatic;
				DEVELOPMENT_TEAM = KPSKY2677A;
				INFOPLIST_FILE = PromisePriorityChainTests/Info.plist;
				IPHONEOS_DEPLOYMENT_TARGET = 13.1;
				LD_RUNPATH_SEARCH_PATHS = (
					"$(inherited)",
					"@executable_path/Frameworks",
					"@loader_path/Frameworks",
				);
				PRODUCT_BUNDLE_IDENTIFIER = Runs.PromisePriorityChainTests;
				PRODUCT_NAME = "$(TARGET_NAME)";
				TARGETED_DEVICE_FAMILY = "1,2";
				TEST_HOST = "$(BUILT_PRODUCTS_DIR)/PromisePriorityChain.app/PromisePriorityChain";
			};
			name = Debug;
		};
		4F103CD42425F79B00429074 /* Release */ = {
			isa = XCBuildConfiguration;
			buildSettings = {
				BUNDLE_LOADER = "$(TEST_HOST)";
				CODE_SIGN_STYLE = Automatic;
				DEVELOPMENT_TEAM = KPSKY2677A;
				INFOPLIST_FILE = PromisePriorityChainTests/Info.plist;
				IPHONEOS_DEPLOYMENT_TARGET = 13.1;
				LD_RUNPATH_SEARCH_PATHS = (
					"$(inherited)",
					"@executable_path/Frameworks",
					"@loader_path/Frameworks",
				);
				PRODUCT_BUNDLE_IDENTIFIER = Runs.PromisePriorityChainTests;
				PRODUCT_NAME = "$(TARGET_NAME)";
				TARGETED_DEVICE_FAMILY = "1,2";
				TEST_HOST = "$(BUILT_PRODUCTS_DIR)/PromisePriorityChain.app/PromisePriorityChain";
			};
			name = Release;
		};
/* End XCBuildConfiguration section */

/* Begin XCConfigurationList section */
		4F103CA62425F79900429074 /* Build configuration list for PBXProject "PromisePriorityChain" */ = {
			isa = XCConfigurationList;
			buildConfigurations = (
				4F103CCD2425F79B00429074 /* Debug */,
				4F103CCE2425F79B00429074 /* Release */,
			);
			defaultConfigurationIsVisible = 0;
			defaultConfigurationName = Release;
		};
		4F103CCF2425F79B00429074 /* Build configuration list for PBXNativeTarget "PromisePriorityChain" */ = {
			isa = XCConfigurationList;
			buildConfigurations = (
				4F103CD02425F79B00429074 /* Debug */,
				4F103CD12425F79B00429074 /* Release */,
			);
			defaultConfigurationIsVisible = 0;
			defaultConfigurationName = Release;
		};
		4F103CD22425F79B00429074 /* Build configuration list for PBXNativeTarget "PromisePriorityChainTests" */ = {
			isa = XCConfigurationList;
			buildConfigurations = (
				4F103CD32425F79B00429074 /* Debug */,
				4F103CD42425F79B00429074 /* Release */,
			);
			defaultConfigurationIsVisible = 0;
			defaultConfigurationName = Release;
		};
/* End XCConfigurationList section */
	};
	rootObject = 4F103CA32425F79900429074 /* Project object */;
}
